
Microsoft Visual Studio Solution File, Format Version 12.00
# Visual Studio 15
VisualStudioVersion = 15.0.28010.2016
MinimumVisualStudioVersion = 10.0.40219.1
Project("{FAE04EC0-301F-11D3-BF4B-00C04F79EFBC}") = "It- 1050 Lab 1", "It- 1050 Lab 1\It- 1050 Lab 1.csproj", "{AF18AE7D-65F2-4D8B-9977-E1AC3A961C83}"
EndProject
Global
	GlobalSection(SolutionConfigurationPlatforms) = preSolution
		Debug|Any CPU = Debug|Any CPU
		Release|Any CPU = Release|Any CPU
	EndGlobalSection
	GlobalSection(ProjectConfigurationPlatforms) = postSolution
		{AF18AE7D-65F2-4D8B-9977-E1AC3A961C83}.Debug|Any CPU.ActiveCfg = Debug|Any CPU
		{AF18AE7D-65F2-4D8B-9977-E1AC3A961C83}.Debug|Any CPU.Build.0 = Debug|Any CPU
		{AF18AE7D-65F2-4D8B-9977-E1AC3A961C83}.Release|Any CPU.ActiveCfg = Release|Any CPU
		{AF18AE7D-65F2-4D8B-9977-E1AC3A961C83}.Release|Any CPU.Build.0 = Release|Any CPU
	EndGlobalSection
	GlobalSection(SolutionProperties) = preSolution
		HideSolutionNode = FALSE
	EndGlobalSection
	GlobalSection(ExtensibilityGlobals) = postSolution
		SolutionGuid = {7F32F383-0C2E-435A-A11A-A2D7706D3E62}
	EndGlobalSection
EndGlobal
